
Microsoft Visual Studio Solution File, Format Version 12.00
# Visual Studio Version 17
VisualStudioVersion = 17.9.34723.18
MinimumVisualStudioVersion = 10.0.40219.1
Project("{FAE04EC0-301F-11D3-BF4B-00C04F79EFBC}") = "AgendaConsole", "AgendaConsole\AgendaConsole.csproj", "{978DA04B-3D8D-43B6-B347-B8E3BBA5133C}"
EndProject
Global
	GlobalSection(SolutionConfigurationPlatforms) = preSolution
		Debug|Any CPU = Debug|Any CPU
		Release|Any CPU = Release|Any CPU
	EndGlobalSection
	GlobalSection(ProjectConfigurationPlatforms) = postSolution
		{978DA04B-3D8D-43B6-B347-B8E3BBA5133C}.Debug|Any CPU.ActiveCfg = Debug|Any CPU
		{978DA04B-3D8D-43B6-B347-B8E3BBA5133C}.Debug|Any CPU.Build.0 = Debug|Any CPU
		{978DA04B-3D8D-43B6-B347-B8E3BBA5133C}.Release|Any CPU.ActiveCfg = Release|Any CPU
		{978DA04B-3D8D-43B6-B347-B8E3BBA5133C}.Release|Any CPU.Build.0 = Release|Any CPU
	EndGlobalSection
	GlobalSection(SolutionProperties) = preSolution
		HideSolutionNode = FALSE
	EndGlobalSection
	GlobalSection(ExtensibilityGlobals) = postSolution
		SolutionGuid = {3212FE8D-22E2-4A22-8E47-511B5128C81F}
	EndGlobalSection
EndGlobal
