
Microsoft Visual Studio Solution File, Format Version 12.00
# Visual Studio Version 17
VisualStudioVersion = 17.9.34723.18
MinimumVisualStudioVersion = 10.0.40219.1
Project("{FAE04EC0-301F-11D3-BF4B-00C04F79EFBC}") = "SistemaMatematico", "SistemaMatematico\SistemaMatematico.csproj", "{0CC57425-0CB2-43F2-A79F-153625218EF3}"
EndProject
Global
	GlobalSection(SolutionConfigurationPlatforms) = preSolution
		Debug|Any CPU = Debug|Any CPU
		Release|Any CPU = Release|Any CPU
	EndGlobalSection
	GlobalSection(ProjectConfigurationPlatforms) = postSolution
		{0CC57425-0CB2-43F2-A79F-153625218EF3}.Debug|Any CPU.ActiveCfg = Debug|Any CPU
		{0CC57425-0CB2-43F2-A79F-153625218EF3}.Debug|Any CPU.Build.0 = Debug|Any CPU
		{0CC57425-0CB2-43F2-A79F-153625218EF3}.Release|Any CPU.ActiveCfg = Release|Any CPU
		{0CC57425-0CB2-43F2-A79F-153625218EF3}.Release|Any CPU.Build.0 = Release|Any CPU
	EndGlobalSection
	GlobalSection(SolutionProperties) = preSolution
		HideSolutionNode = FALSE
	EndGlobalSection
	GlobalSection(ExtensibilityGlobals) = postSolution
		SolutionGuid = {E6F9ECDC-9A4B-41FF-A18E-0459AC0F2C1C}
	EndGlobalSection
EndGlobal
