
Microsoft Visual Studio Solution File, Format Version 12.00
# Visual Studio Version 17
VisualStudioVersion = 17.9.34723.18
MinimumVisualStudioVersion = 10.0.40219.1
Project("{FAE04EC0-301F-11D3-BF4B-00C04F79EFBC}") = "pooMensagem", "pooMensagem\pooMensagem.csproj", "{BEF479FA-7754-42E6-8097-E6A63E887186}"
EndProject
Global
	GlobalSection(SolutionConfigurationPlatforms) = preSolution
		Debug|Any CPU = Debug|Any CPU
		Release|Any CPU = Release|Any CPU
	EndGlobalSection
	GlobalSection(ProjectConfigurationPlatforms) = postSolution
		{BEF479FA-7754-42E6-8097-E6A63E887186}.Debug|Any CPU.ActiveCfg = Debug|Any CPU
		{BEF479FA-7754-42E6-8097-E6A63E887186}.Debug|Any CPU.Build.0 = Debug|Any CPU
		{BEF479FA-7754-42E6-8097-E6A63E887186}.Release|Any CPU.ActiveCfg = Release|Any CPU
		{BEF479FA-7754-42E6-8097-E6A63E887186}.Release|Any CPU.Build.0 = Release|Any CPU
	EndGlobalSection
	GlobalSection(SolutionProperties) = preSolution
		HideSolutionNode = FALSE
	EndGlobalSection
	GlobalSection(ExtensibilityGlobals) = postSolution
		SolutionGuid = {E78DC253-9255-4770-A480-65FD37D1E4A4}
	EndGlobalSection
EndGlobal
